// !$*UTF8*$!
{
	archiveVersion = 1;
	classes = {
	};
	objectVersion = 51;
	objects = {

/* Begin PBXBuildFile section */
		C0E0B9282571265100B97671 /* AppDelegate.swift in Sources */ = {isa = PBXBuildFile; fileRef = C0E0B9272571265100B97671 /* AppDelegate.swift */; };
		C0E0B92A2571265100B97671 /* SceneDelegate.swift in Sources */ = {isa = PBXBuildFile; fileRef = C0E0B9292571265100B97671 /* SceneDelegate.swift */; };
		C0E0B92C2571265100B97671 /* MTMainScreenVC.swift in Sources */ = {isa = PBXBuildFile; fileRef = C0E0B92B2571265100B97671 /* MTMainScreenVC.swift */; };
		C0E0B92F2571265100B97671 /* Main.storyboard in Resources */ = {isa = PBXBuildFile; fileRef = C0E0B92D2571265100B97671 /* Main.storyboard */; };
		C0E0B9312571265300B97671 /* Assets.xcassets in Resources */ = {isa = PBXBuildFile; fileRef = C0E0B9302571265300B97671 /* Assets.xcassets */; };
		C0E0B9342571265300B97671 /* LaunchScreen.storyboard in Resources */ = {isa = PBXBuildFile; fileRef = C0E0B9322571265300B97671 /* LaunchScreen.storyboard */; };
		C0E0B93E2571423400B97671 /* MTResponseDataModel.swift in Sources */ = {isa = PBXBuildFile; fileRef = C0E0B93D2571423400B97671 /* MTResponseDataModel.swift */; };
		C0E0B94125714E9300B97671 /* MTCountryTableViewCell.swift in Sources */ = {isa = PBXBuildFile; fileRef = C0E0B93F25714E9200B97671 /* MTCountryTableViewCell.swift */; };
		C0E0B94225714E9300B97671 /* MTCountryTableViewCell.xib in Resources */ = {isa = PBXBuildFile; fileRef = C0E0B94025714E9200B97671 /* MTCountryTableViewCell.xib */; };
		C0E0B9442571562400B97671 /* MTBorderingCountriesVC.swift in Sources */ = {isa = PBXBuildFile; fileRef = C0E0B9432571562400B97671 /* MTBorderingCountriesVC.swift */; };
		C0E0B94625719AA800B97671 /* MTCountryViewModel.swift in Sources */ = {isa = PBXBuildFile; fileRef = C0E0B94525719AA800B97671 /* MTCountryViewModel.swift */; };
		C0E0B94C2571B10800B97671 /* MTSortView.swift in Sources */ = {isa = PBXBuildFile; fileRef = C0E0B94B2571B10800B97671 /* MTSortView.swift */; };
		C0E0B94E2571B11C00B97671 /* MTSortView.xib in Resources */ = {isa = PBXBuildFile; fileRef = C0E0B94D2571B11C00B97671 /* MTSortView.xib */; };
		C0E0B9502571B30100B97671 /* UIView.swift in Sources */ = {isa = PBXBuildFile; fileRef = C0E0B94F2571B30100B97671 /* UIView.swift */; };
/* End PBXBuildFile section */

/* Begin PBXFileReference section */
		C0E0B9242571265100B97671 /* MatrixTask.app */ = {isa = PBXFileReference; explicitFileType = wrapper.application; includeInIndex = 0; path = MatrixTask.app; sourceTree = BUILT_PRODUCTS_DIR; };
		C0E0B9272571265100B97671 /* AppDelegate.swift */ = {isa = PBXFileReference; lastKnownFileType = sourcecode.swift; path = AppDelegate.swift; sourceTree = "<group>"; };
		C0E0B9292571265100B97671 /* SceneDelegate.swift */ = {isa = PBXFileReference; lastKnownFileType = sourcecode.swift; path = SceneDelegate.swift; sourceTree = "<group>"; };
		C0E0B92B2571265100B97671 /* MTMainScreenVC.swift */ = {isa = PBXFileReference; lastKnownFileType = sourcecode.swift; path = MTMainScreenVC.swift; sourceTree = "<group>"; };
		C0E0B92E2571265100B97671 /* Base */ = {isa = PBXFileReference; lastKnownFileType = file.storyboard; name = Base; path = Base.lproj/Main.storyboard; sourceTree = "<group>"; };
		C0E0B9302571265300B97671 /* Assets.xcassets */ = {isa = PBXFileReference; lastKnownFileType = folder.assetcatalog; path = Assets.xcassets; sourceTree = "<group>"; };
		C0E0B9332571265300B97671 /* Base */ = {isa = PBXFileReference; lastKnownFileType = file.storyboard; name = Base; path = Base.lproj/LaunchScreen.storyboard; sourceTree = "<group>"; };
		C0E0B9352571265300B97671 /* Info.plist */ = {isa = PBXFileReference; lastKnownFileType = text.plist.xml; path = Info.plist; sourceTree = "<group>"; };
		C0E0B93D2571423400B97671 /* MTResponseDataModel.swift */ = {isa = PBXFileReference; lastKnownFileType = sourcecode.swift; path = MTResponseDataModel.swift; sourceTree = "<group>"; };
		C0E0B93F25714E9200B97671 /* MTCountryTableViewCell.swift */ = {isa = PBXFileReference; lastKnownFileType = sourcecode.swift; path = MTCountryTableViewCell.swift; sourceTree = "<group>"; };
		C0E0B94025714E9200B97671 /* MTCountryTableViewCell.xib */ = {isa = PBXFileReference; lastKnownFileType = file.xib; path = MTCountryTableViewCell.xib; sourceTree = "<group>"; };
		C0E0B9432571562400B97671 /* MTBorderingCountriesVC.swift */ = {isa = PBXFileReference; lastKnownFileType = sourcecode.swift; path = MTBorderingCountriesVC.swift; sourceTree = "<group>"; };
		C0E0B94525719AA800B97671 /* MTCountryViewModel.swift */ = {isa = PBXFileReference; lastKnownFileType = sourcecode.swift; path = MTCountryViewModel.swift; sourceTree = "<group>"; };
		C0E0B94B2571B10800B97671 /* MTSortView.swift */ = {isa = PBXFileReference; lastKnownFileType = sourcecode.swift; path = MTSortView.swift; sourceTree = "<group>"; };
		C0E0B94D2571B11C00B97671 /* MTSortView.xib */ = {isa = PBXFileReference; lastKnownFileType = file.xib; path = MTSortView.xib; sourceTree = "<group>"; };
		C0E0B94F2571B30100B97671 /* UIView.swift */ = {isa = PBXFileReference; lastKnownFileType = sourcecode.swift; path = UIView.swift; sourceTree = "<group>"; };
/* End PBXFileReference section */

/* Begin PBXFrameworksBuildPhase section */
		C0E0B9212571265100B97671 /* Frameworks */ = {
			isa = PBXFrameworksBuildPhase;
			buildActionMask = 2147483647;
			files = (
			);
			runOnlyForDeploymentPostprocessing = 0;
		};
/* End PBXFrameworksBuildPhase section */

/* Begin PBXGroup section */
		C0E0B91B2571265100B97671 = {
			isa = PBXGroup;
			children = (
				C0E0B9262571265100B97671 /* MatrixTask */,
				C0E0B9252571265100B97671 /* Products */,
				CE0613B0ADFFEFF7B62496B8 /* Pods */,
			);
			sourceTree = "<group>";
		};
		C0E0B9252571265100B97671 /* Products */ = {
			isa = PBXGroup;
			children = (
				C0E0B9242571265100B97671 /* MatrixTask.app */,
			);
			name = Products;
			sourceTree = "<group>";
		};
		C0E0B9262571265100B97671 /* MatrixTask */ = {
			isa = PBXGroup;
			children = (
				C0E0B92D2571265100B97671 /* Main.storyboard */,
				C0E0B9492571A89800B97671 /* Controller */,
				C0E0B94A2571A8AB00B97671 /* Model */,
				C0E0B9482571A88500B97671 /* View */,
				C0E0B9472571A87200B97671 /* View Model */,
				C0E0B9302571265300B97671 /* Assets.xcassets */,
				C0E0B9272571265100B97671 /* AppDelegate.swift */,
				C0E0B94F2571B30100B97671 /* UIView.swift */,
				C0E0B9292571265100B97671 /* SceneDelegate.swift */,
				C0E0B9322571265300B97671 /* LaunchScreen.storyboard */,
				C0E0B9352571265300B97671 /* Info.plist */,
			);
			path = MatrixTask;
			sourceTree = "<group>";
		};
		C0E0B9472571A87200B97671 /* View Model */ = {
			isa = PBXGroup;
			children = (
				C0E0B94525719AA800B97671 /* MTCountryViewModel.swift */,
			);
			path = "View Model";
			sourceTree = "<group>";
		};
		C0E0B9482571A88500B97671 /* View */ = {
			isa = PBXGroup;
			children = (
				C0E0B93F25714E9200B97671 /* MTCountryTableViewCell.swift */,
				C0E0B94025714E9200B97671 /* MTCountryTableViewCell.xib */,
				C0E0B94B2571B10800B97671 /* MTSortView.swift */,
				C0E0B94D2571B11C00B97671 /* MTSortView.xib */,
			);
			path = View;
			sourceTree = "<group>";
		};
		C0E0B9492571A89800B97671 /* Controller */ = {
			isa = PBXGroup;
			children = (
				C0E0B92B2571265100B97671 /* MTMainScreenVC.swift */,
				C0E0B9432571562400B97671 /* MTBorderingCountriesVC.swift */,
			);
			path = Controller;
			sourceTree = "<group>";
		};
		C0E0B94A2571A8AB00B97671 /* Model */ = {
			isa = PBXGroup;
			children = (
				C0E0B93D2571423400B97671 /* MTResponseDataModel.swift */,
			);
			path = Model;
			sourceTree = "<group>";
		};
		CE0613B0ADFFEFF7B62496B8 /* Pods */ = {
			isa = PBXGroup;
			children = (
			);
			path = Pods;
			sourceTree = "<group>";
		};
/* End PBXGroup section */

/* Begin PBXNativeTarget section */
		C0E0B9232571265100B97671 /* MatrixTask */ = {
			isa = PBXNativeTarget;
			buildConfigurationList = C0E0B9382571265300B97671 /* Build configuration list for PBXNativeTarget "MatrixTask" */;
			buildPhases = (
				C0E0B9202571265100B97671 /* Sources */,
				C0E0B9212571265100B97671 /* Frameworks */,
				C0E0B9222571265100B97671 /* Resources */,
			);
			buildRules = (
			);
			dependencies = (
			);
			name = MatrixTask;
			productName = MatrixTask;
			productReference = C0E0B9242571265100B97671 /* MatrixTask.app */;
			productType = "com.apple.product-type.application";
		};
/* End PBXNativeTarget section */

/* Begin PBXProject section */
		C0E0B91C2571265100B97671 /* Project object */ = {
			isa = PBXProject;
			attributes = {
				LastSwiftUpdateCheck = 1130;
				LastUpgradeCheck = 1130;
				ORGANIZATIONNAME = "Tom Regev";
				TargetAttributes = {
					C0E0B9232571265100B97671 = {
						CreatedOnToolsVersion = 11.3.1;
					};
				};
			};
			buildConfigurationList = C0E0B91F2571265100B97671 /* Build configuration list for PBXProject "MatrixTask" */;
			compatibilityVersion = "Xcode 9.3";
			developmentRegion = en;
			hasScannedForEncodings = 0;
			knownRegions = (
				en,
				Base,
			);
			mainGroup = C0E0B91B2571265100B97671;
			productRefGroup = C0E0B9252571265100B97671 /* Products */;
			projectDirPath = "";
			projectRoot = "";
			targets = (
				C0E0B9232571265100B97671 /* MatrixTask */,
			);
		};
/* End PBXProject section */

/* Begin PBXResourcesBuildPhase section */
		C0E0B9222571265100B97671 /* Resources */ = {
			isa = PBXResourcesBuildPhase;
			buildActionMask = 2147483647;
			files = (
				C0E0B9342571265300B97671 /* LaunchScreen.storyboard in Resources */,
				C0E0B9312571265300B97671 /* Assets.xcassets in Resources */,
				C0E0B94E2571B11C00B97671 /* MTSortView.xib in Resources */,
				C0E0B92F2571265100B97671 /* Main.storyboard in Resources */,
				C0E0B94225714E9300B97671 /* MTCountryTableViewCell.xib in Resources */,
			);
			runOnlyForDeploymentPostprocessing = 0;
		};
/* End PBXResourcesBuildPhase section */

/* Begin PBXSourcesBuildPhase section */
		C0E0B9202571265100B97671 /* Sources */ = {
			isa = PBXSourcesBuildPhase;
			buildActionMask = 2147483647;
			files = (
				C0E0B92C2571265100B97671 /* MTMainScreenVC.swift in Sources */,
				C0E0B9442571562400B97671 /* MTBorderingCountriesVC.swift in Sources */,
				C0E0B9282571265100B97671 /* AppDelegate.swift in Sources */,
				C0E0B92A2571265100B97671 /* SceneDelegate.swift in Sources */,
				C0E0B94625719AA800B97671 /* MTCountryViewModel.swift in Sources */,
				C0E0B94125714E9300B97671 /* MTCountryTableViewCell.swift in Sources */,
				C0E0B93E2571423400B97671 /* MTResponseDataModel.swift in Sources */,
				C0E0B9502571B30100B97671 /* UIView.swift in Sources */,
				C0E0B94C2571B10800B97671 /* MTSortView.swift in Sources */,
			);
			runOnlyForDeploymentPostprocessing = 0;
		};
/* End PBXSourcesBuildPhase section */

/* Begin PBXVariantGroup section */
		C0E0B92D2571265100B97671 /* Main.storyboard */ = {
			isa = PBXVariantGroup;
			children = (
				C0E0B92E2571265100B97671 /* Base */,
			);
			name = Main.storyboard;
			sourceTree = "<group>";
		};
		C0E0B9322571265300B97671 /* LaunchScreen.storyboard */ = {
			isa = PBXVariantGroup;
			children = (
				C0E0B9332571265300B97671 /* Base */,
			);
			name = LaunchScreen.storyboard;
			sourceTree = "<group>";
		};
/* End PBXVariantGroup section */

/* Begin XCBuildConfiguration section */
		C0E0B9362571265300B97671 /* Debug */ = {
			isa = XCBuildConfiguration;
			buildSettings = {
				ALWAYS_SEARCH_USER_PATHS = NO;
				CLANG_ANALYZER_NONNULL = YES;
				CLANG_ANALYZER_NUMBER_OBJECT_CONVERSION = YES_AGGRESSIVE;
				CLANG_CXX_LANGUAGE_STANDARD = "gnu++14";
				CLANG_CXX_LIBRARY = "libc++";
				CLANG_ENABLE_MODULES = YES;
				CLANG_ENABLE_OBJC_ARC = YES;
				CLANG_ENABLE_OBJC_WEAK = YES;
				CLANG_WARN_BLOCK_CAPTURE_AUTORELEASING = YES;
				CLANG_WARN_BOOL_CONVERSION = YES;
				CLANG_WARN_COMMA = YES;
				CLANG_WARN_CONSTANT_CONVERSION = YES;
				CLANG_WARN_DEPRECATED_OBJC_IMPLEMENTATIONS = YES;
				CLANG_WARN_DIRECT_OBJC_ISA_USAGE = YES_ERROR;
				CLANG_WARN_DOCUMENTATION_COMMENTS = YES;
				CLANG_WARN_EMPTY_BODY = YES;
				CLANG_WARN_ENUM_CONVERSION = YES;
				CLANG_WARN_INFINITE_RECURSION = YES;
				CLANG_WARN_INT_CONVERSION = YES;
				CLANG_WARN_NON_LITERAL_NULL_CONVERSION = YES;
				CLANG_WARN_OBJC_IMPLICIT_RETAIN_SELF = YES;
				CLANG_WARN_OBJC_LITERAL_CONVERSION = YES;
				CLANG_WARN_OBJC_ROOT_CLASS = YES_ERROR;
				CLANG_WARN_RANGE_LOOP_ANALYSIS = YES;
				CLANG_WARN_STRICT_PROTOTYPES = YES;
				CLANG_WARN_SUSPICIOUS_MOVE = YES;
				CLANG_WARN_UNGUARDED_AVAILABILITY = YES_AGGRESSIVE;
				CLANG_WARN_UNREACHABLE_CODE = YES;
				CLANG_WARN__DUPLICATE_METHOD_MATCH = YES;
				COPY_PHASE_STRIP = NO;
				DEBUG_INFORMATION_FORMAT = dwarf;
				ENABLE_STRICT_OBJC_MSGSEND = YES;
				ENABLE_TESTABILITY = YES;
				GCC_C_LANGUAGE_STANDARD = gnu11;
				GCC_DYNAMIC_NO_PIC = NO;
				GCC_NO_COMMON_BLOCKS = YES;
				GCC_OPTIMIZATION_LEVEL = 0;
				GCC_PREPROCESSOR_DEFINITIONS = (
					"DEBUG=1",
					"$(inherited)",
				);
				GCC_WARN_64_TO_32_BIT_CONVERSION = YES;
				GCC_WARN_ABOUT_RETURN_TYPE = YES_ERROR;
				GCC_WARN_UNDECLARED_SELECTOR = YES;
				GCC_WARN_UNINITIALIZED_AUTOS = YES_AGGRESSIVE;
				GCC_WARN_UNUSED_FUNCTION = YES;
				GCC_WARN_UNUSED_VARIABLE = YES;
				IPHONEOS_DEPLOYMENT_TARGET = 13.2;
				MTL_ENABLE_DEBUG_INFO = INCLUDE_SOURCE;
				MTL_FAST_MATH = YES;
				ONLY_ACTIVE_ARCH = YES;
				SDKROOT = iphoneos;
				SWIFT_ACTIVE_COMPILATION_CONDITIONS = DEBUG;
				SWIFT_OPTIMIZATION_LEVEL = "-Onone";
			};
			name = Debug;
		};
		C0E0B9372571265300B97671 /* Release */ = {
			isa = XCBuildConfiguration;
			buildSettings = {
				ALWAYS_SEARCH_USER_PATHS = NO;
				CLANG_ANALYZER_NONNULL = YES;
				CLANG_ANALYZER_NUMBER_OBJECT_CONVERSION = YES_AGGRESSIVE;
				CLANG_CXX_LANGUAGE_STANDARD = "gnu++14";
				CLANG_CXX_LIBRARY = "libc++";
				CLANG_ENABLE_MODULES = YES;
				CLANG_ENABLE_OBJC_ARC = YES;
				CLANG_ENABLE_OBJC_WEAK = YES;
				CLANG_WARN_BLOCK_CAPTURE_AUTORELEASING = YES;
				CLANG_WARN_BOOL_CONVERSION = YES;
				CLANG_WARN_COMMA = YES;
				CLANG_WARN_CONSTANT_CONVERSION = YES;
				CLANG_WARN_DEPRECATED_OBJC_IMPLEMENTATIONS = YES;
				CLANG_WARN_DIRECT_OBJC_ISA_USAGE = YES_ERROR;
				CLANG_WARN_DOCUMENTATION_COMMENTS = YES;
				CLANG_WARN_EMPTY_BODY = YES;
				CLANG_WARN_ENUM_CONVERSION = YES;
				CLANG_WARN_INFINITE_RECURSION = YES;
				CLANG_WARN_INT_CONVERSION = YES;
				CLANG_WARN_NON_LITERAL_NULL_CONVERSION = YES;
				CLANG_WARN_OBJC_IMPLICIT_RETAIN_SELF = YES;
				CLANG_WARN_OBJC_LITERAL_CONVERSION = YES;
				CLANG_WARN_OBJC_ROOT_CLASS = YES_ERROR;
				CLANG_WARN_RANGE_LOOP_ANALYSIS = YES;
				CLANG_WARN_STRICT_PROTOTYPES = YES;
				CLANG_WARN_SUSPICIOUS_MOVE = YES;
				CLANG_WARN_UNGUARDED_AVAILABILITY = YES_AGGRESSIVE;
				CLANG_WARN_UNREACHABLE_CODE = YES;
				CLANG_WARN__DUPLICATE_METHOD_MATCH = YES;
				COPY_PHASE_STRIP = NO;
				DEBUG_INFORMATION_FORMAT = "dwarf-with-dsym";
				ENABLE_NS_ASSERTIONS = NO;
				ENABLE_STRICT_OBJC_MSGSEND = YES;
				GCC_C_LANGUAGE_STANDARD = gnu11;
				GCC_NO_COMMON_BLOCKS = YES;
				GCC_WARN_64_TO_32_BIT_CONVERSION = YES;
				GCC_WARN_ABOUT_RETURN_TYPE = YES_ERROR;
				GCC_WARN_UNDECLARED_SELECTOR = YES;
				GCC_WARN_UNINITIALIZED_AUTOS = YES_AGGRESSIVE;
				GCC_WARN_UNUSED_FUNCTION = YES;
				GCC_WARN_UNUSED_VARIABLE = YES;
				IPHONEOS_DEPLOYMENT_TARGET = 13.2;
				MTL_ENABLE_DEBUG_INFO = NO;
				MTL_FAST_MATH = YES;
				SDKROOT = iphoneos;
				SWIFT_COMPILATION_MODE = wholemodule;
				SWIFT_OPTIMIZATION_LEVEL = "-O";
				VALIDATE_PRODUCT = YES;
			};
			name = Release;
		};
		C0E0B9392571265300B97671 /* Debug */ = {
			isa = XCBuildConfiguration;
			buildSettings = {
				ASSETCATALOG_COMPILER_APPICON_NAME = AppIcon;
				CODE_SIGN_STYLE = Automatic;
				DEVELOPMENT_TEAM = C3RBX29P4H;
				INFOPLIST_FILE = MatrixTask/Info.plist;
				LD_RUNPATH_SEARCH_PATHS = (
					"$(inherited)",
					"@executable_path/Frameworks",
				);
				PRODUCT_BUNDLE_IDENTIFIER = proj.MatrixTask;
				PRODUCT_NAME = "$(TARGET_NAME)";
				SWIFT_VERSION = 5.0;
				TARGETED_DEVICE_FAMILY = "1,2";
			};
			name = Debug;
		};
		C0E0B93A2571265300B97671 /* Release */ = {
			isa = XCBuildConfiguration;
			buildSettings = {
				ASSETCATALOG_COMPILER_APPICON_NAME = AppIcon;
				CODE_SIGN_STYLE = Automatic;
				DEVELOPMENT_TEAM = C3RBX29P4H;
				INFOPLIST_FILE = MatrixTask/Info.plist;
				LD_RUNPATH_SEARCH_PATHS = (
					"$(inherited)",
					"@executable_path/Frameworks",
				);
				PRODUCT_BUNDLE_IDENTIFIER = proj.MatrixTask;
				PRODUCT_NAME = "$(TARGET_NAME)";
				SWIFT_VERSION = 5.0;
				TARGETED_DEVICE_FAMILY = "1,2";
			};
			name = Release;
		};
/* End XCBuildConfiguration section */

/* Begin XCConfigurationList section */
		C0E0B91F2571265100B97671 /* Build configuration list for PBXProject "MatrixTask" */ = {
			isa = XCConfigurationList;
			buildConfigurations = (
				C0E0B9362571265300B97671 /* Debug */,
				C0E0B9372571265300B97671 /* Release */,
			);
			defaultConfigurationIsVisible = 0;
			defaultConfigurationName = Release;
		};
		C0E0B9382571265300B97671 /* Build configuration list for PBXNativeTarget "MatrixTask" */ = {
			isa = XCConfigurationList;
			buildConfigurations = (
				C0E0B9392571265300B97671 /* Debug */,
				C0E0B93A2571265300B97671 /* Release */,
			);
			defaultConfigurationIsVisible = 0;
			defaultConfigurationName = Release;
		};
/* End XCConfigurationList section */
	};
	rootObject = C0E0B91C2571265100B97671 /* Project object */;
}
